// !$*UTF8*$!
{
	archiveVersion = 1;
	classes = {
	};
	objectVersion = 48;
	objects = {

/* Begin PBXBuildFile section */
		203FDCFB20755A500054BD48 /* AppDelegate.swift in Sources */ = {isa = PBXBuildFile; fileRef = 203FDCFA20755A500054BD48 /* AppDelegate.swift */; };
		203FDCFD20755A500054BD48 /* ViewController.swift in Sources */ = {isa = PBXBuildFile; fileRef = 203FDCFC20755A500054BD48 /* ViewController.swift */; };
		203FDD0020755A500054BD48 /* Main.storyboard in Resources */ = {isa = PBXBuildFile; fileRef = 203FDCFE20755A500054BD48 /* Main.storyboard */; };
		203FDD0220755A500054BD48 /* Assets.xcassets in Resources */ = {isa = PBXBuildFile; fileRef = 203FDD0120755A500054BD48 /* Assets.xcassets */; };
		203FDD0520755A500054BD48 /* LaunchScreen.storyboard in Resources */ = {isa = PBXBuildFile; fileRef = 203FDD0320755A500054BD48 /* LaunchScreen.storyboard */; };
		203FDD1020755A510054BD48 /* CanvasTests.swift in Sources */ = {isa = PBXBuildFile; fileRef = 203FDD0F20755A510054BD48 /* CanvasTests.swift */; };
		203FDD1B20755A510054BD48 /* CanvasUITests.swift in Sources */ = {isa = PBXBuildFile; fileRef = 203FDD1A20755A510054BD48 /* CanvasUITests.swift */; };
		203FDD2920755B580054BD48 /* CanvasViewController.swift in Sources */ = {isa = PBXBuildFile; fileRef = 203FDD2820755B580054BD48 /* CanvasViewController.swift */; };
/* End PBXBuildFile section */

/* Begin PBXContainerItemProxy section */
		203FDD0C20755A510054BD48 /* PBXContainerItemProxy */ = {
			isa = PBXContainerItemProxy;
			containerPortal = 203FDCEF20755A500054BD48 /* Project object */;
			proxyType = 1;
			remoteGlobalIDString = 203FDCF620755A500054BD48;
			remoteInfo = Canvas;
		};
		203FDD1720755A510054BD48 /* PBXContainerItemProxy */ = {
			isa = PBXContainerItemProxy;
			containerPortal = 203FDCEF20755A500054BD48 /* Project object */;
			proxyType = 1;
			remoteGlobalIDString = 203FDCF620755A500054BD48;
			remoteInfo = Canvas;
		};
/* End PBXContainerItemProxy section */

/* Begin PBXFileReference section */
		203FDCF720755A500054BD48 /* Canvas.app */ = {isa = PBXFileReference; explicitFileType = wrapper.application; includeInIndex = 0; path = Canvas.app; sourceTree = BUILT_PRODUCTS_DIR; };
		203FDCFA20755A500054BD48 /* AppDelegate.swift */ = {isa = PBXFileReference; lastKnownFileType = sourcecode.swift; path = AppDelegate.swift; sourceTree = "<group>"; };
		203FDCFC20755A500054BD48 /* ViewController.swift */ = {isa = PBXFileReference; lastKnownFileType = sourcecode.swift; path = ViewController.swift; sourceTree = "<group>"; };
		203FDCFF20755A500054BD48 /* Base */ = {isa = PBXFileReference; lastKnownFileType = file.storyboard; name = Base; path = Base.lproj/Main.storyboard; sourceTree = "<group>"; };
		203FDD0120755A500054BD48 /* Assets.xcassets */ = {isa = PBXFileReference; lastKnownFileType = folder.assetcatalog; path = Assets.xcassets; sourceTree = "<group>"; };
		203FDD0420755A500054BD48 /* Base */ = {isa = PBXFileReference; lastKnownFileType = file.storyboard; name = Base; path = Base.lproj/LaunchScreen.storyboard; sourceTree = "<group>"; };
		203FDD0620755A500054BD48 /* Info.plist */ = {isa = PBXFileReference; lastKnownFileType = text.plist.xml; path = Info.plist; sourceTree = "<group>"; };
		203FDD0B20755A510054BD48 /* CanvasTests.xctest */ = {isa = PBXFileReference; explicitFileType = wrapper.cfbundle; includeInIndex = 0; path = CanvasTests.xctest; sourceTree = BUILT_PRODUCTS_DIR; };
		203FDD0F20755A510054BD48 /* CanvasTests.swift */ = {isa = PBXFileReference; lastKnownFileType = sourcecode.swift; path = CanvasTests.swift; sourceTree = "<group>"; };
		203FDD1120755A510054BD48 /* Info.plist */ = {isa = PBXFileReference; lastKnownFileType = text.plist.xml; path = Info.plist; sourceTree = "<group>"; };
		203FDD1620755A510054BD48 /* CanvasUITests.xctest */ = {isa = PBXFileReference; explicitFileType = wrapper.cfbundle; includeInIndex = 0; path = CanvasUITests.xctest; sourceTree = BUILT_PRODUCTS_DIR; };
		203FDD1A20755A510054BD48 /* CanvasUITests.swift */ = {isa = PBXFileReference; lastKnownFileType = sourcecode.swift; path = CanvasUITests.swift; sourceTree = "<group>"; };
		203FDD1C20755A510054BD48 /* Info.plist */ = {isa = PBXFileReference; lastKnownFileType = text.plist.xml; path = Info.plist; sourceTree = "<group>"; };
		203FDD2820755B580054BD48 /* CanvasViewController.swift */ = {isa = PBXFileReference; lastKnownFileType = sourcecode.swift; path = CanvasViewController.swift; sourceTree = "<group>"; };
/* End PBXFileReference section */

/* Begin PBXFrameworksBuildPhase section */
		203FDCF420755A500054BD48 /* Frameworks */ = {
			isa = PBXFrameworksBuildPhase;
			buildActionMask = 2147483647;
			files = (
			);
			runOnlyForDeploymentPostprocessing = 0;
		};
		203FDD0820755A510054BD48 /* Frameworks */ = {
			isa = PBXFrameworksBuildPhase;
			buildActionMask = 2147483647;
			files = (
			);
			runOnlyForDeploymentPostprocessing = 0;
		};
		203FDD1320755A510054BD48 /* Frameworks */ = {
			isa = PBXFrameworksBuildPhase;
			buildActionMask = 2147483647;
			files = (
			);
			runOnlyForDeploymentPostprocessing = 0;
		};
/* End PBXFrameworksBuildPhase section */

/* Begin PBXGroup section */
		203FDCEE20755A500054BD48 = {
			isa = PBXGroup;
			children = (
				203FDCF920755A500054BD48 /* Canvas */,
				203FDD0E20755A510054BD48 /* CanvasTests */,
				203FDD1920755A510054BD48 /* CanvasUITests */,
				203FDCF820755A500054BD48 /* Products */,
			);
			sourceTree = "<group>";
		};
		203FDCF820755A500054BD48 /* Products */ = {
			isa = PBXGroup;
			children = (
				203FDCF720755A500054BD48 /* Canvas.app */,
				203FDD0B20755A510054BD48 /* CanvasTests.xctest */,
				203FDD1620755A510054BD48 /* CanvasUITests.xctest */,
			);
			name = Products;
			sourceTree = "<group>";
		};
		203FDCF920755A500054BD48 /* Canvas */ = {
			isa = PBXGroup;
			children = (
				203FDCFA20755A500054BD48 /* AppDelegate.swift */,
				203FDCFC20755A500054BD48 /* ViewController.swift */,
				203FDCFE20755A500054BD48 /* Main.storyboard */,
				203FDD0120755A500054BD48 /* Assets.xcassets */,
				203FDD0320755A500054BD48 /* LaunchScreen.storyboard */,
				203FDD0620755A500054BD48 /* Info.plist */,
				203FDD2820755B580054BD48 /* CanvasViewController.swift */,
			);
			path = Canvas;
			sourceTree = "<group>";
		};
		203FDD0E20755A510054BD48 /* CanvasTests */ = {
			isa = PBXGroup;
			children = (
				203FDD0F20755A510054BD48 /* CanvasTests.swift */,
				203FDD1120755A510054BD48 /* Info.plist */,
			);
			path = CanvasTests;
			sourceTree = "<group>";
		};
		203FDD1920755A510054BD48 /* CanvasUITests */ = {
			isa = PBXGroup;
			children = (
				203FDD1A20755A510054BD48 /* CanvasUITests.swift */,
				203FDD1C20755A510054BD48 /* Info.plist */,
			);
			path = CanvasUITests;
			sourceTree = "<group>";
		};
/* End PBXGroup section */

/* Begin PBXNativeTarget section */
		203FDCF620755A500054BD48 /* Canvas */ = {
			isa = PBXNativeTarget;
			buildConfigurationList = 203FDD1F20755A510054BD48 /* Build configuration list for PBXNativeTarget "Canvas" */;
			buildPhases = (
				203FDCF320755A500054BD48 /* Sources */,
				203FDCF420755A500054BD48 /* Frameworks */,
				203FDCF520755A500054BD48 /* Resources */,
			);
			buildRules = (
			);
			dependencies = (
			);
			name = Canvas;
			productName = Canvas;
			productReference = 203FDCF720755A500054BD48 /* Canvas.app */;
			productType = "com.apple.product-type.application";
		};
		203FDD0A20755A510054BD48 /* CanvasTests */ = {
			isa = PBXNativeTarget;
			buildConfigurationList = 203FDD2220755A510054BD48 /* Build configuration list for PBXNativeTarget "CanvasTests" */;
			buildPhases = (
				203FDD0720755A510054BD48 /* Sources */,
				203FDD0820755A510054BD48 /* Frameworks */,
				203FDD0920755A510054BD48 /* Resources */,
			);
			buildRules = (
			);
			dependencies = (
				203FDD0D20755A510054BD48 /* PBXTargetDependency */,
			);
			name = CanvasTests;
			productName = CanvasTests;
			productReference = 203FDD0B20755A510054BD48 /* CanvasTests.xctest */;
			productType = "com.apple.product-type.bundle.unit-test";
		};
		203FDD1520755A510054BD48 /* CanvasUITests */ = {
			isa = PBXNativeTarget;
			buildConfigurationList = 203FDD2520755A510054BD48 /* Build configuration list for PBXNativeTarget "CanvasUITests" */;
			buildPhases = (
				203FDD1220755A510054BD48 /* Sources */,
				203FDD1320755A510054BD48 /* Frameworks */,
				203FDD1420755A510054BD48 /* Resources */,
			);
			buildRules = (
			);
			dependencies = (
				203FDD1820755A510054BD48 /* PBXTargetDependency */,
			);
			name = CanvasUITests;
			productName = CanvasUITests;
			productReference = 203FDD1620755A510054BD48 /* CanvasUITests.xctest */;
			productType = "com.apple.product-type.bundle.ui-testing";
		};
/* End PBXNativeTarget section */

/* Begin PBXProject section */
		203FDCEF20755A500054BD48 /* Project object */ = {
			isa = PBXProject;
			attributes = {
				LastSwiftUpdateCheck = 0920;
				LastUpgradeCheck = 0920;
				ORGANIZATIONNAME = hyelim;
				TargetAttributes = {
					203FDCF620755A500054BD48 = {
						CreatedOnToolsVersion = 9.2;
						ProvisioningStyle = Automatic;
					};
					203FDD0A20755A510054BD48 = {
						CreatedOnToolsVersion = 9.2;
						ProvisioningStyle = Automatic;
						TestTargetID = 203FDCF620755A500054BD48;
					};
					203FDD1520755A510054BD48 = {
						CreatedOnToolsVersion = 9.2;
						ProvisioningStyle = Automatic;
						TestTargetID = 203FDCF620755A500054BD48;
					};
				};
			};
			buildConfigurationList = 203FDCF220755A500054BD48 /* Build configuration list for PBXProject "Canvas" */;
			compatibilityVersion = "Xcode 8.0";
			developmentRegion = en;
			hasScannedForEncodings = 0;
			knownRegions = (
				en,
				Base,
			);
			mainGroup = 203FDCEE20755A500054BD48;
			productRefGroup = 203FDCF820755A500054BD48 /* Products */;
			projectDirPath = "";
			projectRoot = "";
			targets = (
				203FDCF620755A500054BD48 /* Canvas */,
				203FDD0A20755A510054BD48 /* CanvasTests */,
				203FDD1520755A510054BD48 /* CanvasUITests */,
			);
		};
/* End PBXProject section */

/* Begin PBXResourcesBuildPhase section */
		203FDCF520755A500054BD48 /* Resources */ = {
			isa = PBXResourcesBuildPhase;
			buildActionMask = 2147483647;
			files = (
				203FDD0520755A500054BD48 /* LaunchScreen.storyboard in Resources */,
				203FDD0220755A500054BD48 /* Assets.xcassets in Resources */,
				203FDD0020755A500054BD48 /* Main.storyboard in Resources */,
			);
			runOnlyForDeploymentPostprocessing = 0;
		};
		203FDD0920755A510054BD48 /* Resources */ = {
			isa = PBXResourcesBuildPhase;
			buildActionMask = 2147483647;
			files = (
			);
			runOnlyForDeploymentPostprocessing = 0;
		};
		203FDD1420755A510054BD48 /* Resources */ = {
			isa = PBXResourcesBuildPhase;
			buildActionMask = 2147483647;
			files = (
			);
			runOnlyForDeploymentPostprocessing = 0;
		};
/* End PBXResourcesBuildPhase section */

/* Begin PBXSourcesBuildPhase section */
		203FDCF320755A500054BD48 /* Sources */ = {
			isa = PBXSourcesBuildPhase;
			buildActionMask = 2147483647;
			files = (
				203FDCFD20755A500054BD48 /* ViewController.swift in Sources */,
				203FDD2920755B580054BD48 /* CanvasViewController.swift in Sources */,
				203FDCFB20755A500054BD48 /* AppDelegate.swift in Sources */,
			);
			runOnlyForDeploymentPostprocessing = 0;
		};
		203FDD0720755A510054BD48 /* Sources */ = {
			isa = PBXSourcesBuildPhase;
			buildActionMask = 2147483647;
			files = (
				203FDD1020755A510054BD48 /* CanvasTests.swift in Sources */,
			);
			runOnlyForDeploymentPostprocessing = 0;
		};
		203FDD1220755A510054BD48 /* Sources */ = {
			isa = PBXSourcesBuildPhase;
			buildActionMask = 2147483647;
			files = (
				203FDD1B20755A510054BD48 /* CanvasUITests.swift in Sources */,
			);
			runOnlyForDeploymentPostprocessing = 0;
		};
/* End PBXSourcesBuildPhase section */

/* Begin PBXTargetDependency section */
		203FDD0D20755A510054BD48 /* PBXTargetDependency */ = {
			isa = PBXTargetDependency;
			target = 203FDCF620755A500054BD48 /* Canvas */;
			targetProxy = 203FDD0C20755A510054BD48 /* PBXContainerItemProxy */;
		};
		203FDD1820755A510054BD48 /* PBXTargetDependency */ = {
			isa = PBXTargetDependency;
			target = 203FDCF620755A500054BD48 /* Canvas */;
			targetProxy = 203FDD1720755A510054BD48 /* PBXContainerItemProxy */;
		};
/* End PBXTargetDependency section */

/* Begin PBXVariantGroup section */
		203FDCFE20755A500054BD48 /* Main.storyboard */ = {
			isa = PBXVariantGroup;
			children = (
				203FDCFF20755A500054BD48 /* Base */,
			);
			name = Main.storyboard;
			sourceTree = "<group>";
		};
		203FDD0320755A500054BD48 /* LaunchScreen.storyboard */ = {
			isa = PBXVariantGroup;
			children = (
				203FDD0420755A500054BD48 /* Base */,
			);
			name = LaunchScreen.storyboard;
			sourceTree = "<group>";
		};
/* End PBXVariantGroup section */

/* Begin XCBuildConfiguration section */
		203FDD1D20755A510054BD48 /* Debug */ = {
			isa = XCBuildConfiguration;
			buildSettings = {
				ALWAYS_SEARCH_USER_PATHS = NO;
				CLANG_ANALYZER_NONNULL = YES;
				CLANG_ANALYZER_NUMBER_OBJECT_CONVERSION = YES_AGGRESSIVE;
				CLANG_CXX_LANGUAGE_STANDARD = "gnu++14";
				CLANG_CXX_LIBRARY = "libc++";
				CLANG_ENABLE_MODULES = YES;
				CLANG_ENABLE_OBJC_ARC = YES;
				CLANG_WARN_BLOCK_CAPTURE_AUTORELEASING = YES;
				CLANG_WARN_BOOL_CONVERSION = YES;
				CLANG_WARN_COMMA = YES;
				CLANG_WARN_CONSTANT_CONVERSION = YES;
				CLANG_WARN_DIRECT_OBJC_ISA_USAGE = YES_ERROR;
				CLANG_WARN_DOCUMENTATION_COMMENTS = YES;
				CLANG_WARN_EMPTY_BODY = YES;
				CLANG_WARN_ENUM_CONVERSION = YES;
				CLANG_WARN_INFINITE_RECURSION = YES;
				CLANG_WARN_INT_CONVERSION = YES;
				CLANG_WARN_NON_LITERAL_NULL_CONVERSION = YES;
				CLANG_WARN_OBJC_LITERAL_CONVERSION = YES;
				CLANG_WARN_OBJC_ROOT_CLASS = YES_ERROR;
				CLANG_WARN_RANGE_LOOP_ANALYSIS = YES;
				CLANG_WARN_STRICT_PROTOTYPES = YES;
				CLANG_WARN_SUSPICIOUS_MOVE = YES;
				CLANG_WARN_UNGUARDED_AVAILABILITY = YES_AGGRESSIVE;
				CLANG_WARN_UNREACHABLE_CODE = YES;
				CLANG_WARN__DUPLICATE_METHOD_MATCH = YES;
				CODE_SIGN_IDENTITY = "iPhone Developer";
				COPY_PHASE_STRIP = NO;
				DEBUG_INFORMATION_FORMAT = dwarf;
				ENABLE_STRICT_OBJC_MSGSEND = YES;
				ENABLE_TESTABILITY = YES;
				GCC_C_LANGUAGE_STANDARD = gnu11;
				GCC_DYNAMIC_NO_PIC = NO;
				GCC_NO_COMMON_BLOCKS = YES;
				GCC_OPTIMIZATION_LEVEL = 0;
				GCC_PREPROCESSOR_DEFINITIONS = (
					"DEBUG=1",
					"$(inherited)",
				);
				GCC_WARN_64_TO_32_BIT_CONVERSION = YES;
				GCC_WARN_ABOUT_RETURN_TYPE = YES_ERROR;
				GCC_WARN_UNDECLARED_SELECTOR = YES;
				GCC_WARN_UNINITIALIZED_AUTOS = YES_AGGRESSIVE;
				GCC_WARN_UNUSED_FUNCTION = YES;
				GCC_WARN_UNUSED_VARIABLE = YES;
				IPHONEOS_DEPLOYMENT_TARGET = 11.2;
				MTL_ENABLE_DEBUG_INFO = YES;
				ONLY_ACTIVE_ARCH = YES;
				SDKROOT = iphoneos;
				SWIFT_ACTIVE_COMPILATION_CONDITIONS = DEBUG;
				SWIFT_OPTIMIZATION_LEVEL = "-Onone";
			};
			name = Debug;
		};
		203FDD1E20755A510054BD48 /* Release */ = {
			isa = XCBuildConfiguration;
			buildSettings = {
				ALWAYS_SEARCH_USER_PATHS = NO;
				CLANG_ANALYZER_NONNULL = YES;
				CLANG_ANALYZER_NUMBER_OBJECT_CONVERSION = YES_AGGRESSIVE;
				CLANG_CXX_LANGUAGE_STANDARD = "gnu++14";
				CLANG_CXX_LIBRARY = "libc++";
				CLANG_ENABLE_MODULES = YES;
				CLANG_ENABLE_OBJC_ARC = YES;
				CLANG_WARN_BLOCK_CAPTURE_AUTORELEASING = YES;
				CLANG_WARN_BOOL_CONVERSION = YES;
				CLANG_WARN_COMMA = YES;
				CLANG_WARN_CONSTANT_CONVERSION = YES;
				CLANG_WARN_DIRECT_OBJC_ISA_USAGE = YES_ERROR;
				CLANG_WARN_DOCUMENTATION_COMMENTS = YES;
				CLANG_WARN_EMPTY_BODY = YES;
				CLANG_WARN_ENUM_CONVERSION = YES;
				CLANG_WARN_INFINITE_RECURSION = YES;
				CLANG_WARN_INT_CONVERSION = YES;
				CLANG_WARN_NON_LITERAL_NULL_CONVERSION = YES;
				CLANG_WARN_OBJC_LITERAL_CONVERSION = YES;
				CLANG_WARN_OBJC_ROOT_CLASS = YES_ERROR;
				CLANG_WARN_RANGE_LOOP_ANALYSIS = YES;
				CLANG_WARN_STRICT_PROTOTYPES = YES;
				CLANG_WARN_SUSPICIOUS_MOVE = YES;
				CLANG_WARN_UNGUARDED_AVAILABILITY = YES_AGGRESSIVE;
				CLANG_WARN_UNREACHABLE_CODE = YES;
				CLANG_WARN__DUPLICATE_METHOD_MATCH = YES;
				CODE_SIGN_IDENTITY = "iPhone Developer";
				COPY_PHASE_STRIP = NO;
				DEBUG_INFORMATION_FORMAT = "dwarf-with-dsym";
				ENABLE_NS_ASSERTIONS = NO;
				ENABLE_STRICT_OBJC_MSGSEND = YES;
				GCC_C_LANGUAGE_STANDARD = gnu11;
				GCC_NO_COMMON_BLOCKS = YES;
				GCC_WARN_64_TO_32_BIT_CONVERSION = YES;
				GCC_WARN_ABOUT_RETURN_TYPE = YES_ERROR;
				GCC_WARN_UNDECLARED_SELECTOR = YES;
				GCC_WARN_UNINITIALIZED_AUTOS = YES_AGGRESSIVE;
				GCC_WARN_UNUSED_FUNCTION = YES;
				GCC_WARN_UNUSED_VARIABLE = YES;
				IPHONEOS_DEPLOYMENT_TARGET = 11.2;
				MTL_ENABLE_DEBUG_INFO = NO;
				SDKROOT = iphoneos;
				SWIFT_OPTIMIZATION_LEVEL = "-Owholemodule";
				VALIDATE_PRODUCT = YES;
			};
			name = Release;
		};
		203FDD2020755A510054BD48 /* Debug */ = {
			isa = XCBuildConfiguration;
			buildSettings = {
				ASSETCATALOG_COMPILER_APPICON_NAME = AppIcon;
				CODE_SIGN_STYLE = Automatic;
				DEVELOPMENT_TEAM = 6SW85PYBWB;
				INFOPLIST_FILE = Canvas/Info.plist;
				LD_RUNPATH_SEARCH_PATHS = "$(inherited) @executable_path/Frameworks";
				PRODUCT_BUNDLE_IDENTIFIER = com.hyelim.Canvas;
				PRODUCT_NAME = "$(TARGET_NAME)";
				SWIFT_VERSION = 4.0;
				TARGETED_DEVICE_FAMILY = "1,2";
			};
			name = Debug;
		};
		203FDD2120755A510054BD48 /* Release */ = {
			isa = XCBuildConfiguration;
			buildSettings = {
				ASSETCATALOG_COMPILER_APPICON_NAME = AppIcon;
				CODE_SIGN_STYLE = Automatic;
				DEVELOPMENT_TEAM = 6SW85PYBWB;
				INFOPLIST_FILE = Canvas/Info.plist;
				LD_RUNPATH_SEARCH_PATHS = "$(inherited) @executable_path/Frameworks";
				PRODUCT_BUNDLE_IDENTIFIER = com.hyelim.Canvas;
				PRODUCT_NAME = "$(TARGET_NAME)";
				SWIFT_VERSION = 4.0;
				TARGETED_DEVICE_FAMILY = "1,2";
			};
			name = Release;
		};
		203FDD2320755A510054BD48 /* Debug */ = {
			isa = XCBuildConfiguration;
			buildSettings = {
				ALWAYS_EMBED_SWIFT_STANDARD_LIBRARIES = YES;
				BUNDLE_LOADER = "$(TEST_HOST)";
				CODE_SIGN_STYLE = Automatic;
				DEVELOPMENT_TEAM = 6SW85PYBWB;
				INFOPLIST_FILE = CanvasTests/Info.plist;
				LD_RUNPATH_SEARCH_PATHS = "$(inherited) @executable_path/Frameworks @loader_path/Frameworks";
				PRODUCT_BUNDLE_IDENTIFIER = com.hyelim.CanvasTests;
				PRODUCT_NAME = "$(TARGET_NAME)";
				SWIFT_VERSION = 4.0;
				TARGETED_DEVICE_FAMILY = "1,2";
				TEST_HOST = "$(BUILT_PRODUCTS_DIR)/Canvas.app/Canvas";
			};
			name = Debug;
		};
		203FDD2420755A510054BD48 /* Release */ = {
			isa = XCBuildConfiguration;
			buildSettings = {
				ALWAYS_EMBED_SWIFT_STANDARD_LIBRARIES = YES;
				BUNDLE_LOADER = "$(TEST_HOST)";
				CODE_SIGN_STYLE = Automatic;
				DEVELOPMENT_TEAM = 6SW85PYBWB;
				INFOPLIST_FILE = CanvasTests/Info.plist;
				LD_RUNPATH_SEARCH_PATHS = "$(inherited) @executable_path/Frameworks @loader_path/Frameworks";
				PRODUCT_BUNDLE_IDENTIFIER = com.hyelim.CanvasTests;
				PRODUCT_NAME = "$(TARGET_NAME)";
				SWIFT_VERSION = 4.0;
				TARGETED_DEVICE_FAMILY = "1,2";
				TEST_HOST = "$(BUILT_PRODUCTS_DIR)/Canvas.app/Canvas";
			};
			name = Release;
		};
		203FDD2620755A510054BD48 /* Debug */ = {
			isa = XCBuildConfiguration;
			buildSettings = {
				ALWAYS_EMBED_SWIFT_STANDARD_LIBRARIES = YES;
				CODE_SIGN_STYLE = Automatic;
				DEVELOPMENT_TEAM = 6SW85PYBWB;
				INFOPLIST_FILE = CanvasUITests/Info.plist;
				LD_RUNPATH_SEARCH_PATHS = "$(inherited) @executable_path/Frameworks @loader_path/Frameworks";
				PRODUCT_BUNDLE_IDENTIFIER = com.hyelim.CanvasUITests;
				PRODUCT_NAME = "$(TARGET_NAME)";
				SWIFT_VERSION = 4.0;
				TARGETED_DEVICE_FAMILY = "1,2";
				TEST_TARGET_NAME = Canvas;
			};
			name = Debug;
		};
		203FDD2720755A510054BD48 /* Release */ = {
			isa = XCBuildConfiguration;
			buildSettings = {
				ALWAYS_EMBED_SWIFT_STANDARD_LIBRARIES = YES;
				CODE_SIGN_STYLE = Automatic;
				DEVELOPMENT_TEAM = 6SW85PYBWB;
				INFOPLIST_FILE = CanvasUITests/Info.plist;
				LD_RUNPATH_SEARCH_PATHS = "$(inherited) @executable_path/Frameworks @loader_path/Frameworks";
				PRODUCT_BUNDLE_IDENTIFIER = com.hyelim.CanvasUITests;
				PRODUCT_NAME = "$(TARGET_NAME)";
				SWIFT_VERSION = 4.0;
				TARGETED_DEVICE_FAMILY = "1,2";
				TEST_TARGET_NAME = Canvas;
			};
			name = Release;
		};
/* End XCBuildConfiguration section */

/* Begin XCConfigurationList section */
		203FDCF220755A500054BD48 /* Build configuration list for PBXProject "Canvas" */ = {
			isa = XCConfigurationList;
			buildConfigurations = (
				203FDD1D20755A510054BD48 /* Debug */,
				203FDD1E20755A510054BD48 /* Release */,
			);
			defaultConfigurationIsVisible = 0;
			defaultConfigurationName = Release;
		};
		203FDD1F20755A510054BD48 /* Build configuration list for PBXNativeTarget "Canvas" */ = {
			isa = XCConfigurationList;
			buildConfigurations = (
				203FDD2020755A510054BD48 /* Debug */,
				203FDD2120755A510054BD48 /* Release */,
			);
			defaultConfigurationIsVisible = 0;
			defaultConfigurationName = Release;
		};
		203FDD2220755A510054BD48 /* Build configuration list for PBXNativeTarget "CanvasTests" */ = {
			isa = XCConfigurationList;
			buildConfigurations = (
				203FDD2320755A510054BD48 /* Debug */,
				203FDD2420755A510054BD48 /* Release */,
			);
			defaultConfigurationIsVisible = 0;
			defaultConfigurationName = Release;
		};
		203FDD2520755A510054BD48 /* Build configuration list for PBXNativeTarget "CanvasUITests" */ = {
			isa = XCConfigurationList;
			buildConfigurations = (
				203FDD2620755A510054BD48 /* Debug */,
				203FDD2720755A510054BD48 /* Release */,
			);
			defaultConfigurationIsVisible = 0;
			defaultConfigurationName = Release;
		};
/* End XCConfigurationList section */
	};
	rootObject = 203FDCEF20755A500054BD48 /* Project object */;
}
